// !$*UTF8*$!
{
	archiveVersion = 1;
	classes = {
	};
	objectVersion = 46;
	objects = {

/* Begin PBXBuildFile section */
		B739393B209D88C900AE51AA /* Cocoa.framework in Frameworks */ = {isa = PBXBuildFile; fileRef = B739393A209D88C900AE51AA /* Cocoa.framework */; };
		B739393D209D88C900AE51AA /* SDL2.framework in Frameworks */ = {isa = PBXBuildFile; fileRef = B739393C209D88C900AE51AA /* SDL2.framework */; };
		B7393940209D88C900AE51AA /* main.cpp in Sources */ = {isa = PBXBuildFile; fileRef = B739393F209D88C900AE51AA /* main.cpp */; };
		B7393945209D88C900AE51AA /* CApp.cpp in Sources */ = {isa = PBXBuildFile; fileRef = B7393944209D88C900AE51AA /* CApp.cpp */; };
		B739394F209D8A4300AE51AA /* SdlRenderDraw.cpp in Sources */ = {isa = PBXBuildFile; fileRef = B739394E209D8A4300AE51AA /* SdlRenderDraw.cpp */; };
/* End PBXBuildFile section */

/* Begin PBXCopyFilesBuildPhase section */
		B7393935209D88C900AE51AA /* CopyFiles */ = {
			isa = PBXCopyFilesBuildPhase;
			buildActionMask = 2147483647;
			dstSubfolderSpec = 10;
			files = (
			);
			runOnlyForDeploymentPostprocessing = 1;
		};
/* End PBXCopyFilesBuildPhase section */

/* Begin PBXFileReference section */
		B7393937209D88C900AE51AA /* Nana.app */ = {isa = PBXFileReference; explicitFileType = wrapper.application; includeInIndex = 0; path = Nana.app; sourceTree = BUILT_PRODUCTS_DIR; };
		B739393A209D88C900AE51AA /* Cocoa.framework */ = {isa = PBXFileReference; lastKnownFileType = wrapper.framework; name = Cocoa.framework; path = System/Library/Frameworks/Cocoa.framework; sourceTree = SDKROOT; };
		B739393C209D88C900AE51AA /* SDL2.framework */ = {isa = PBXFileReference; lastKnownFileType = wrapper.framework; name = SDL2.framework; path = Library/Frameworks/../../../../../../../../../Library/Frameworks/SDL2.framework; sourceTree = DEVELOPER_DIR; };
		B739393F209D88C900AE51AA /* main.cpp */ = {isa = PBXFileReference; lastKnownFileType = sourcecode.cpp.cpp; path = main.cpp; sourceTree = "<group>"; };
		B7393942209D88C900AE51AA /* CApp.h */ = {isa = PBXFileReference; lastKnownFileType = sourcecode.c.h; path = CApp.h; sourceTree = "<group>"; };
		B7393944209D88C900AE51AA /* CApp.cpp */ = {isa = PBXFileReference; lastKnownFileType = sourcecode.cpp.cpp; path = CApp.cpp; sourceTree = "<group>"; };
		B739394C209D896B00AE51AA /* IDraw.h */ = {isa = PBXFileReference; fileEncoding = 4; lastKnownFileType = sourcecode.c.h; path = IDraw.h; sourceTree = "<group>"; };
		B739394E209D8A4300AE51AA /* SdlRenderDraw.cpp */ = {isa = PBXFileReference; fileEncoding = 4; lastKnownFileType = sourcecode.cpp.cpp; path = SdlRenderDraw.cpp; sourceTree = "<group>"; };
/* End PBXFileReference section */

/* Begin PBXFrameworksBuildPhase section */
		B7393933209D88C900AE51AA /* Frameworks */ = {
			isa = PBXFrameworksBuildPhase;
			buildActionMask = 2147483647;
			files = (
				B739393B209D88C900AE51AA /* Cocoa.framework in Frameworks */,
				B739393D209D88C900AE51AA /* SDL2.framework in Frameworks */,
			);
			runOnlyForDeploymentPostprocessing = 0;
		};
/* End PBXFrameworksBuildPhase section */

/* Begin PBXGroup section */
		B739392D209D88C900AE51AA = {
			isa = PBXGroup;
			children = (
				B739393E209D88C900AE51AA /* Nana */,
				B7393939209D88C900AE51AA /* Frameworks */,
				B7393938209D88C900AE51AA /* Products */,
			);
			sourceTree = "<group>";
		};
		B7393938209D88C900AE51AA /* Products */ = {
			isa = PBXGroup;
			children = (
				B7393937209D88C900AE51AA /* Nana.app */,
			);
			name = Products;
			sourceTree = "<group>";
		};
		B7393939209D88C900AE51AA /* Frameworks */ = {
			isa = PBXGroup;
			children = (
				B739393A209D88C900AE51AA /* Cocoa.framework */,
				B739393C209D88C900AE51AA /* SDL2.framework */,
			);
			name = Frameworks;
			sourceTree = "<group>";
		};
		B739393E209D88C900AE51AA /* Nana */ = {
			isa = PBXGroup;
			children = (
				B739393F209D88C900AE51AA /* main.cpp */,
				B7393941209D88C900AE51AA /* include */,
				B7393943209D88C900AE51AA /* src */,
			);
			path = Nana;
			sourceTree = "<group>";
		};
		B7393941209D88C900AE51AA /* include */ = {
			isa = PBXGroup;
			children = (
				B7393942209D88C900AE51AA /* CApp.h */,
			);
			name = include;
			sourceTree = "<group>";
		};
		B7393943209D88C900AE51AA /* src */ = {
			isa = PBXGroup;
			children = (
				B7393944209D88C900AE51AA /* CApp.cpp */,
				B739394C209D896B00AE51AA /* IDraw.h */,
				B739394E209D8A4300AE51AA /* SdlRenderDraw.cpp */,
			);
			name = src;
			sourceTree = "<group>";
		};
/* End PBXGroup section */

/* Begin PBXNativeTarget section */
		B7393936209D88C900AE51AA /* Nana */ = {
			isa = PBXNativeTarget;
			buildConfigurationList = B7393948209D88C900AE51AA /* Build configuration list for PBXNativeTarget "Nana" */;
			buildPhases = (
				B7393932209D88C900AE51AA /* Sources */,
				B7393933209D88C900AE51AA /* Frameworks */,
				B7393934209D88C900AE51AA /* Resources */,
				B7393935209D88C900AE51AA /* CopyFiles */,
			);
			buildRules = (
			);
			dependencies = (
			);
			name = Nana;
			productName = Nana;
			productReference = B7393937209D88C900AE51AA /* Nana.app */;
			productType = "com.apple.product-type.application";
		};
/* End PBXNativeTarget section */

/* Begin PBXProject section */
		B739392E209D88C900AE51AA /* Project object */ = {
			isa = PBXProject;
			attributes = {
				LastUpgradeCheck = 0640;
				ORGANIZATIONNAME = xinlan;
				TargetAttributes = {
					B7393936209D88C900AE51AA = {
						CreatedOnToolsVersion = 6.4;
					};
				};
			};
			buildConfigurationList = B7393931209D88C900AE51AA /* Build configuration list for PBXProject "Nana" */;
			compatibilityVersion = "Xcode 3.2";
			developmentRegion = English;
			hasScannedForEncodings = 0;
			knownRegions = (
				en,
			);
			mainGroup = B739392D209D88C900AE51AA;
			productRefGroup = B7393938209D88C900AE51AA /* Products */;
			projectDirPath = "";
			projectRoot = "";
			targets = (
				B7393936209D88C900AE51AA /* Nana */,
			);
		};
/* End PBXProject section */

/* Begin PBXResourcesBuildPhase section */
		B7393934209D88C900AE51AA /* Resources */ = {
			isa = PBXResourcesBuildPhase;
			buildActionMask = 2147483647;
			files = (
			);
			runOnlyForDeploymentPostprocessing = 0;
		};
/* End PBXResourcesBuildPhase section */

/* Begin PBXSourcesBuildPhase section */
		B7393932209D88C900AE51AA /* Sources */ = {
			isa = PBXSourcesBuildPhase;
			buildActionMask = 2147483647;
			files = (
				B7393940209D88C900AE51AA /* main.cpp in Sources */,
				B7393945209D88C900AE51AA /* CApp.cpp in Sources */,
				B739394F209D8A4300AE51AA /* SdlRenderDraw.cpp in Sources */,
			);
			runOnlyForDeploymentPostprocessing = 0;
		};
/* End PBXSourcesBuildPhase section */

/* Begin XCBuildConfiguration section */
		B7393946209D88C900AE51AA /* Debug */ = {
			isa = XCBuildConfiguration;
			buildSettings = {
				ALWAYS_SEARCH_USER_PATHS = NO;
				ARCHS = "$(ARCHS_STANDARD_64_BIT)";
				CLANG_CXX_LANGUAGE_STANDARD = "gnu++0x";
				CLANG_CXX_LIBRARY = "libc++";
				CLANG_ENABLE_MODULES = YES;
				CLANG_ENABLE_OBJC_ARC = YES;
				CLANG_WARN_BOOL_CONVERSION = YES;
				CLANG_WARN_CONSTANT_CONVERSION = YES;
				CLANG_WARN_DIRECT_OBJC_ISA_USAGE = YES_ERROR;
				CLANG_WARN_EMPTY_BODY = YES;
				CLANG_WARN_ENUM_CONVERSION = YES;
				CLANG_WARN_INT_CONVERSION = YES;
				CLANG_WARN_OBJC_ROOT_CLASS = YES_ERROR;
				CLANG_WARN_UNREACHABLE_CODE = YES;
				CLANG_WARN__DUPLICATE_METHOD_MATCH = YES;
				COPY_PHASE_STRIP = NO;
				ENABLE_STRICT_OBJC_MSGSEND = YES;
				GCC_C_LANGUAGE_STANDARD = gnu99;
				GCC_DYNAMIC_NO_PIC = NO;
				GCC_ENABLE_OBJC_EXCEPTIONS = YES;
				GCC_NO_COMMON_BLOCKS = YES;
				GCC_OPTIMIZATION_LEVEL = 0;
				GCC_PREPROCESSOR_DEFINITIONS = (
					"DEBUG=1",
					"$(inherited)",
				);
				GCC_SYMBOLS_PRIVATE_EXTERN = NO;
				GCC_WARN_64_TO_32_BIT_CONVERSION = YES;
				GCC_WARN_ABOUT_RETURN_TYPE = YES_ERROR;
				GCC_WARN_UNDECLARED_SELECTOR = YES;
				GCC_WARN_UNINITIALIZED_AUTOS = YES_AGGRESSIVE;
				GCC_WARN_UNUSED_FUNCTION = YES;
				GCC_WARN_UNUSED_VARIABLE = YES;
				MACOSX_DEPLOYMENT_TARGET = 10.10;
				MTL_ENABLE_DEBUG_INFO = YES;
				ONLY_ACTIVE_ARCH = YES;
				SDKROOT = macosx;
			};
			name = Debug;
		};
		B7393947209D88C900AE51AA /* Release */ = {
			isa = XCBuildConfiguration;
			buildSettings = {
				ALWAYS_SEARCH_USER_PATHS = NO;
				ARCHS = "$(ARCHS_STANDARD_64_BIT)";
				CLANG_CXX_LANGUAGE_STANDARD = "gnu++0x";
				CLANG_CXX_LIBRARY = "libc++";
				CLANG_ENABLE_MODULES = YES;
				CLANG_ENABLE_OBJC_ARC = YES;
				CLANG_WARN_BOOL_CONVERSION = YES;
				CLANG_WARN_CONSTANT_CONVERSION = YES;
				CLANG_WARN_DIRECT_OBJC_ISA_USAGE = YES_ERROR;
				CLANG_WARN_EMPTY_BODY = YES;
				CLANG_WARN_ENUM_CONVERSION = YES;
				CLANG_WARN_INT_CONVERSION = YES;
				CLANG_WARN_OBJC_ROOT_CLASS = YES_ERROR;
				CLANG_WARN_UNREACHABLE_CODE = YES;
				CLANG_WARN__DUPLICATE_METHOD_MATCH = YES;
				COPY_PHASE_STRIP = NO;
				DEBUG_INFORMATION_FORMAT = "dwarf-with-dsym";
				ENABLE_NS_ASSERTIONS = NO;
				ENABLE_STRICT_OBJC_MSGSEND = YES;
				GCC_C_LANGUAGE_STANDARD = gnu99;
				GCC_ENABLE_OBJC_EXCEPTIONS = YES;
				GCC_NO_COMMON_BLOCKS = YES;
				GCC_WARN_64_TO_32_BIT_CONVERSION = YES;
				GCC_WARN_ABOUT_RETURN_TYPE = YES_ERROR;
				GCC_WARN_UNDECLARED_SELECTOR = YES;
				GCC_WARN_UNINITIALIZED_AUTOS = YES_AGGRESSIVE;
				GCC_WARN_UNUSED_FUNCTION = YES;
				GCC_WARN_UNUSED_VARIABLE = YES;
				MACOSX_DEPLOYMENT_TARGET = 10.10;
				MTL_ENABLE_DEBUG_INFO = NO;
				SDKROOT = macosx;
			};
			name = Release;
		};
		B7393949209D88C900AE51AA /* Debug */ = {
			isa = XCBuildConfiguration;
			buildSettings = {
				FRAMEWORK_SEARCH_PATHS = (
					/Library/Frameworks,
					"$(LOCAL_LIBRARY_DIR)/Frameworks",
				);
				HEADER_SEARCH_PATHS = (
					/usr/include,
					/usr/local/include,
				);
				LD_RUNPATH_SEARCH_PATHS = "@executable_path/../Frameworks";
				LIBRARY_SEARCH_PATHS = /usr/lib;
				OTHER_LDFLAGS = "";
				PRODUCT_NAME = "$(TARGET_NAME)";
				USER_HEADER_SEARCH_PATHS = "";
			};
			name = Debug;
		};
		B739394A209D88C900AE51AA /* Release */ = {
			isa = XCBuildConfiguration;
			buildSettings = {
				FRAMEWORK_SEARCH_PATHS = (
					/Library/Frameworks,
					"$(LOCAL_LIBRARY_DIR)/Frameworks",
				);
				HEADER_SEARCH_PATHS = (
					/usr/include,
					/usr/local/include,
				);
				LD_RUNPATH_SEARCH_PATHS = "@executable_path/../Frameworks";
				LIBRARY_SEARCH_PATHS = /usr/lib;
				OTHER_LDFLAGS = "";
				PRODUCT_NAME = "$(TARGET_NAME)";
				USER_HEADER_SEARCH_PATHS = "";
			};
			name = Release;
		};
/* End XCBuildConfiguration section */

/* Begin XCConfigurationList section */
		B7393931209D88C900AE51AA /* Build configuration list for PBXProject "Nana" */ = {
			isa = XCConfigurationList;
			buildConfigurations = (
				B7393946209D88C900AE51AA /* Debug */,
				B7393947209D88C900AE51AA /* Release */,
			);
			defaultConfigurationIsVisible = 0;
			defaultConfigurationName = Release;
		};
		B7393948209D88C900AE51AA /* Build configuration list for PBXNativeTarget "Nana" */ = {
			isa = XCConfigurationList;
			buildConfigurations = (
				B7393949209D88C900AE51AA /* Debug */,
				B739394A209D88C900AE51AA /* Release */,
			);
			defaultConfigurationIsVisible = 0;
		};
/* End XCConfigurationList section */
	};
	rootObject = B739392E209D88C900AE51AA /* Project object */;
}
